Microsoft Visual Studio Solution File, Format Version 11.00
# Visual Studio 2008

Project("{B889EA2A-8ECE-9C0E-F4AD-89E698572A55}") = "BeastGame", "Assembly-CSharp-firstpass-vs.csproj", "{A5D9D2D1-2853-A963-D599-69D730C48C88}"
EndProject
Project("{B889EA2A-8ECE-9C0E-F4AD-89E698572A55}") = "BeastGame", "Assembly-CSharp-vs.csproj", "{2FD8895F-FA4E-CB86-F0DB-7F94D4285E74}"
EndProject
Project("{B889EA2A-8ECE-9C0E-F4AD-89E698572A55}") = "BeastGame", "Assembly-CSharp-Editor-vs.csproj", "{D5CAC957-D6A2-DFB6-ECB6-F8B376F48DC6}"
EndProject
Global
	GlobalSection(SolutionConfigurationPlatforms) = preSolution
		Debug|Any CPU = Debug|Any CPU
		Release|Any CPU = Release|Any CPU
	EndGlobalSection
	GlobalSection(ProjectConfigurationPlatforms) = postSolution
		{A5D9D2D1-2853-A963-D599-69D730C48C88}.Debug|Any CPU.ActiveCfg = Debug|Any CPU
		{A5D9D2D1-2853-A963-D599-69D730C48C88}.Debug|Any CPU.Build.0 = Debug|Any CPU
		{A5D9D2D1-2853-A963-D599-69D730C48C88}.Release|Any CPU.ActiveCfg = Release|Any CPU
		{A5D9D2D1-2853-A963-D599-69D730C48C88}.Release|Any CPU.Build.0 = Release|Any CPU
		{2FD8895F-FA4E-CB86-F0DB-7F94D4285E74}.Debug|Any CPU.ActiveCfg = Debug|Any CPU
		{2FD8895F-FA4E-CB86-F0DB-7F94D4285E74}.Debug|Any CPU.Build.0 = Debug|Any CPU
		{2FD8895F-FA4E-CB86-F0DB-7F94D4285E74}.Release|Any CPU.ActiveCfg = Release|Any CPU
		{2FD8895F-FA4E-CB86-F0DB-7F94D4285E74}.Release|Any CPU.Build.0 = Release|Any CPU
		{D5CAC957-D6A2-DFB6-ECB6-F8B376F48DC6}.Debug|Any CPU.ActiveCfg = Debug|Any CPU
		{D5CAC957-D6A2-DFB6-ECB6-F8B376F48DC6}.Debug|Any CPU.Build.0 = Debug|Any CPU
		{D5CAC957-D6A2-DFB6-ECB6-F8B376F48DC6}.Release|Any CPU.ActiveCfg = Release|Any CPU
		{D5CAC957-D6A2-DFB6-ECB6-F8B376F48DC6}.Release|Any CPU.Build.0 = Release|Any CPU
	EndGlobalSection
	GlobalSection(SolutionProperties) = preSolution
		HideSolutionNode = FALSE
	EndGlobalSection
																																																																																																																																																																																																																																																																																																																																																																																																																																																																																																																																																																																																																																																																																							GlobalSection(MonoDevelopProperties) = preSolution
		StartupItem = Assembly-CSharp.csproj
		Policies = $0
		$0.TextStylePolicy = $1
		$1.inheritsSet = null
		$1.scope = text/x-csharp
		$0.CSharpFormattingPolicy = $2
		$2.inheritsSet = Mono
		$2.inheritsScope = text/x-csharp
		$2.scope = text/x-csharp
		$0.TextStylePolicy = $3
		$3.FileWidth = 120
		$3.TabWidth = 4
		$3.EolMarker = Unix
		$3.inheritsSet = Mono
		$3.inheritsScope = text/plain
		$3.scope = text/plain
	EndGlobalSection

EndGlobal
